
Microsoft Visual Studio Solution File, Format Version 12.00
# Visual Studio 2015
Project("{FAE04EC0-301F-11D3-BF4B-00C04F79EFBC}") = "RealFlight.Plugins", "RealFlight.Plugins.csproj", "{5A820341-7FCE-87A5-2B9E-B1413D52E0D5}"
EndProject
Project("{FAE04EC0-301F-11D3-BF4B-00C04F79EFBC}") = "RealFlight", "RealFlight.csproj", "{3C85669A-6E47-A2C3-636D-79A0A68A5B30}"
EndProject
Project("{FAE04EC0-301F-11D3-BF4B-00C04F79EFBC}") = "RealFlight.Editor", "RealFlight.Editor.csproj", "{D3C20FAE-B571-C88C-87B9-59942878204C}"
EndProject
Global
	GlobalSection(SolutionConfigurationPlatforms) = preSolution
		Debug|Any CPU = Debug|Any CPU
		Release|Any CPU = Release|Any CPU
	EndGlobalSection
	GlobalSection(ProjectConfigurationPlatforms) = postSolution
		{5A820341-7FCE-87A5-2B9E-B1413D52E0D5}.Debug|Any CPU.ActiveCfg = Debug|Any CPU
		{5A820341-7FCE-87A5-2B9E-B1413D52E0D5}.Debug|Any CPU.Build.0 = Debug|Any CPU
		{5A820341-7FCE-87A5-2B9E-B1413D52E0D5}.Release|Any CPU.ActiveCfg = Release|Any CPU
		{5A820341-7FCE-87A5-2B9E-B1413D52E0D5}.Release|Any CPU.Build.0 = Release|Any CPU
		{3C85669A-6E47-A2C3-636D-79A0A68A5B30}.Debug|Any CPU.ActiveCfg = Debug|Any CPU
		{3C85669A-6E47-A2C3-636D-79A0A68A5B30}.Debug|Any CPU.Build.0 = Debug|Any CPU
		{3C85669A-6E47-A2C3-636D-79A0A68A5B30}.Release|Any CPU.ActiveCfg = Release|Any CPU
		{3C85669A-6E47-A2C3-636D-79A0A68A5B30}.Release|Any CPU.Build.0 = Release|Any CPU
		{D3C20FAE-B571-C88C-87B9-59942878204C}.Debug|Any CPU.ActiveCfg = Debug|Any CPU
		{D3C20FAE-B571-C88C-87B9-59942878204C}.Debug|Any CPU.Build.0 = Debug|Any CPU
		{D3C20FAE-B571-C88C-87B9-59942878204C}.Release|Any CPU.ActiveCfg = Release|Any CPU
		{D3C20FAE-B571-C88C-87B9-59942878204C}.Release|Any CPU.Build.0 = Release|Any CPU
	EndGlobalSection
	GlobalSection(SolutionProperties) = preSolution
		HideSolutionNode = FALSE
	EndGlobalSection
EndGlobal
